
Microsoft Visual Studio Solution File, Format Version 12.00
# Visual Studio Version 17
VisualStudioVersion = 17.10.35201.131
MinimumVisualStudioVersion = 10.0.40219.1
Project("{9A19103F-16F7-4668-BE54-9A1E7A4F7556}") = "JSend", "JSend/JSend.csproj", "{98B7D0B7-4B1B-41CF-B510-66C29F2D7B43}"
EndProject
Global
	GlobalSection(SolutionConfigurationPlatforms) = preSolution
		Debug|Any CPU = Debug|Any CPU
		Release|Any CPU = Release|Any CPU
	EndGlobalSection
	GlobalSection(ProjectConfigurationPlatforms) = postSolution
		{98B7D0B7-4B1B-41CF-B510-66C29F2D7B43}.Debug|Any CPU.ActiveCfg = Debug|Any CPU
		{98B7D0B7-4B1B-41CF-B510-66C29F2D7B43}.Debug|Any CPU.Build.0 = Debug|Any CPU
		{98B7D0B7-4B1B-41CF-B510-66C29F2D7B43}.Release|Any CPU.ActiveCfg = Release|Any CPU
		{98B7D0B7-4B1B-41CF-B510-66C29F2D7B43}.Release|Any CPU.Build.0 = Release|Any CPU
	EndGlobalSection
	GlobalSection(SolutionProperties) = preSolution
		HideSolutionNode = FALSE
	EndGlobalSection
	GlobalSection(ExtensibilityGlobals) = postSolution
		SolutionGuid = {020AE68B-D79A-4554-902F-28177EED6BF0}
	EndGlobalSection
EndGlobal
